
Microsoft Visual Studio Solution File, Format Version 12.00
# Visual Studio Version 17
VisualStudioVersion = 17.11.35312.102
MinimumVisualStudioVersion = 10.0.40219.1
Project("{FAE04EC0-301F-11D3-BF4B-00C04F79EFBC}") = "Files", "Files\Files.csproj", "{AE38CE04-F3D3-4F38-868E-0C1FC2F0D8E1}"
EndProject
Global
	GlobalSection(SolutionConfigurationPlatforms) = preSolution
		Debug|Any CPU = Debug|Any CPU
		Release|Any CPU = Release|Any CPU
	EndGlobalSection
	GlobalSection(ProjectConfigurationPlatforms) = postSolution
		{AE38CE04-F3D3-4F38-868E-0C1FC2F0D8E1}.Debug|Any CPU.ActiveCfg = Debug|Any CPU
		{AE38CE04-F3D3-4F38-868E-0C1FC2F0D8E1}.Debug|Any CPU.Build.0 = Debug|Any CPU
		{AE38CE04-F3D3-4F38-868E-0C1FC2F0D8E1}.Release|Any CPU.ActiveCfg = Release|Any CPU
		{AE38CE04-F3D3-4F38-868E-0C1FC2F0D8E1}.Release|Any CPU.Build.0 = Release|Any CPU
	EndGlobalSection
	GlobalSection(SolutionProperties) = preSolution
		HideSolutionNode = FALSE
	EndGlobalSection
	GlobalSection(ExtensibilityGlobals) = postSolution
		SolutionGuid = {EE09AB04-92FC-459D-9ABF-204C982743A7}
	EndGlobalSection
EndGlobal
